
Microsoft Visual Studio Solution File, Format Version 12.00
# Visual Studio Version 16
VisualStudioVersion = 16.0.29806.167
MinimumVisualStudioVersion = 10.0.40219.1
Project("{FAE04EC0-301F-11D3-BF4B-00C04F79EFBC}") = "VisualTasking", "VisualTasking\VisualTasking.csproj", "{52212179-8A64-4FF2-ACE4-109C183E7975}"
EndProject
Global
	GlobalSection(SolutionConfigurationPlatforms) = preSolution
		Debug|Any CPU = Debug|Any CPU
		Release|Any CPU = Release|Any CPU
	EndGlobalSection
	GlobalSection(ProjectConfigurationPlatforms) = postSolution
		{52212179-8A64-4FF2-ACE4-109C183E7975}.Debug|Any CPU.ActiveCfg = Debug|Any CPU
		{52212179-8A64-4FF2-ACE4-109C183E7975}.Debug|Any CPU.Build.0 = Debug|Any CPU
		{52212179-8A64-4FF2-ACE4-109C183E7975}.Release|Any CPU.ActiveCfg = Release|Any CPU
		{52212179-8A64-4FF2-ACE4-109C183E7975}.Release|Any CPU.Build.0 = Release|Any CPU
	EndGlobalSection
	GlobalSection(SolutionProperties) = preSolution
		HideSolutionNode = FALSE
	EndGlobalSection
	GlobalSection(ExtensibilityGlobals) = postSolution
		SolutionGuid = {7D4F4BDB-D14F-4061-AB62-896FCC25F826}
	EndGlobalSection
EndGlobal
